
Microsoft Visual Studio Solution File, Format Version 12.00
# Visual Studio 15
VisualStudioVersion = 15.0.27004.2005
MinimumVisualStudioVersion = 10.0.40219.1
Project("{9A19103F-16F7-4668-BE54-9A1E7A4F7556}") = "Globomantics", "Globomantics\Globomantics.csproj", "{64BBE0F0-D435-4951-918D-BF1FEBA63966}"
EndProject
Project("{9A19103F-16F7-4668-BE54-9A1E7A4F7556}") = "Shared", "Shared\Shared.csproj", "{AD9353B7-2A6B-43D6-9497-1950390B7BDE}"
EndProject
Project("{2150E333-8FDC-42A3-9474-1A3956D46DE8}") = "Solution Items", "Solution Items", "{130ECD95-3C66-4843-8C59-B87F7CB746BA}"
	ProjectSection(SolutionItems) = preProject
		ReadMe.txt = ReadMe.txt
	EndProjectSection
EndProject
Project("{FAE04EC0-301F-11D3-BF4B-00C04F79EFBC}") = "API", "API\API.csproj", "{988A1E94-9D58-4FEF-984E-FC681C20714B}"
EndProject
Global
	GlobalSection(SolutionConfigurationPlatforms) = preSolution
		Debug|Any CPU = Debug|Any CPU
		Release|Any CPU = Release|Any CPU
	EndGlobalSection
	GlobalSection(ProjectConfigurationPlatforms) = postSolution
		{64BBE0F0-D435-4951-918D-BF1FEBA63966}.Debug|Any CPU.ActiveCfg = Debug|Any CPU
		{64BBE0F0-D435-4951-918D-BF1FEBA63966}.Debug|Any CPU.Build.0 = Debug|Any CPU
		{64BBE0F0-D435-4951-918D-BF1FEBA63966}.Release|Any CPU.ActiveCfg = Release|Any CPU
		{64BBE0F0-D435-4951-918D-BF1FEBA63966}.Release|Any CPU.Build.0 = Release|Any CPU
		{AD9353B7-2A6B-43D6-9497-1950390B7BDE}.Debug|Any CPU.ActiveCfg = Debug|Any CPU
		{AD9353B7-2A6B-43D6-9497-1950390B7BDE}.Debug|Any CPU.Build.0 = Debug|Any CPU
		{AD9353B7-2A6B-43D6-9497-1950390B7BDE}.Release|Any CPU.ActiveCfg = Release|Any CPU
		{AD9353B7-2A6B-43D6-9497-1950390B7BDE}.Release|Any CPU.Build.0 = Release|Any CPU
		{988A1E94-9D58-4FEF-984E-FC681C20714B}.Debug|Any CPU.ActiveCfg = Debug|Any CPU
		{988A1E94-9D58-4FEF-984E-FC681C20714B}.Debug|Any CPU.Build.0 = Debug|Any CPU
		{988A1E94-9D58-4FEF-984E-FC681C20714B}.Release|Any CPU.ActiveCfg = Release|Any CPU
		{988A1E94-9D58-4FEF-984E-FC681C20714B}.Release|Any CPU.Build.0 = Release|Any CPU
	EndGlobalSection
	GlobalSection(SolutionProperties) = preSolution
		HideSolutionNode = FALSE
	EndGlobalSection
	GlobalSection(ExtensibilityGlobals) = postSolution
		SolutionGuid = {597F8512-1637-4E17-9143-FD3865398FDA}
	EndGlobalSection
EndGlobal
